
Microsoft Visual Studio Solution File, Format Version 12.00
# Visual Studio Version 17
VisualStudioVersion = 17.4.33205.214
MinimumVisualStudioVersion = 10.0.40219.1
Project("{FAE04EC0-301F-11D3-BF4B-00C04F79EFBC}") = "Develop ICT Solution 70353", "Develop ICT Solution 70353.csproj", "{AFDCC252-F5AB-48BE-B3FD-01A95FEFBE54}"
EndProject
Global
	GlobalSection(SolutionConfigurationPlatforms) = preSolution
		Debug|Any CPU = Debug|Any CPU
		Release|Any CPU = Release|Any CPU
	EndGlobalSection
	GlobalSection(ProjectConfigurationPlatforms) = postSolution
		{AFDCC252-F5AB-48BE-B3FD-01A95FEFBE54}.Debug|Any CPU.ActiveCfg = Debug|Any CPU
		{AFDCC252-F5AB-48BE-B3FD-01A95FEFBE54}.Debug|Any CPU.Build.0 = Debug|Any CPU
		{AFDCC252-F5AB-48BE-B3FD-01A95FEFBE54}.Release|Any CPU.ActiveCfg = Release|Any CPU
		{AFDCC252-F5AB-48BE-B3FD-01A95FEFBE54}.Release|Any CPU.Build.0 = Release|Any CPU
	EndGlobalSection
	GlobalSection(SolutionProperties) = preSolution
		HideSolutionNode = FALSE
	EndGlobalSection
	GlobalSection(ExtensibilityGlobals) = postSolution
		SolutionGuid = {C0CB55B4-DB67-4D72-9BD9-279150E01DB5}
	EndGlobalSection
EndGlobal
